
Microsoft Visual Studio Solution File, Format Version 12.00
# Visual Studio 15
VisualStudioVersion = 15.0.28307.329
MinimumVisualStudioVersion = 10.0.40219.1
Project("{FAE04EC0-301F-11D3-BF4B-00C04F79EFBC}") = "ClientServer", "ClientServer\ClientServer.csproj", "{479E28F4-29B8-4EC6-904A-772E7C473718}"
EndProject
Global
	GlobalSection(SolutionConfigurationPlatforms) = preSolution
		Debug|Any CPU = Debug|Any CPU
		Release|Any CPU = Release|Any CPU
	EndGlobalSection
	GlobalSection(ProjectConfigurationPlatforms) = postSolution
		{479E28F4-29B8-4EC6-904A-772E7C473718}.Debug|Any CPU.ActiveCfg = Debug|Any CPU
		{479E28F4-29B8-4EC6-904A-772E7C473718}.Debug|Any CPU.Build.0 = Debug|Any CPU
		{479E28F4-29B8-4EC6-904A-772E7C473718}.Release|Any CPU.ActiveCfg = Release|Any CPU
		{479E28F4-29B8-4EC6-904A-772E7C473718}.Release|Any CPU.Build.0 = Release|Any CPU
	EndGlobalSection
	GlobalSection(SolutionProperties) = preSolution
		HideSolutionNode = FALSE
	EndGlobalSection
	GlobalSection(ExtensibilityGlobals) = postSolution
		SolutionGuid = {226319B3-0B60-4111-8F6C-8F4D1DACE6F7}
	EndGlobalSection
EndGlobal
